<?xml version="1.0" encoding="utf-8"?>
<Project ToolsVersion="4.0" xmlns="http://schemas.microsoft.com/developer/msbuild/2003">
  <ItemGroup>
    <Filter Include="Исходные файлы">
      <UniqueIdentifier>{4FC737F1-C7A5-4376-A066-2A32D752A2FF}</UniqueIdentifier>
      <Extensions>cpp;c;cc;cxx;c++;cppm;ixx;def;odl;idl;hpj;bat;asm;asmx</Extensions>
    </Filter>
    <Filter Include="Файлы заголовков">
      <UniqueIdentifier>{93995380-89BD-4b04-88EB-625FBE52EBFB}</UniqueIdentifier>
      <Extensions>h;hh;hpp;hxx;h++;hm;inl;inc;ipp;xsd</Extensions>
    </Filter>
    <Filter Include="Файлы ресурсов">
      <UniqueIdentifier>{67DA6AB6-F800-4c08-8B7A-83BB121AAD01}</UniqueIdentifier>
      <Extensions>rc;ico;cur;bmp;dlg;rc2;rct;bin;rgs;gif;jpg;jpeg;jpe;resx;tiff;tif;png;wav;mfcribbon-ms</Extensions>
    </Filter>
  </ItemGroup>
  <ItemGroup>
    <ClCompile Include="..\CodeGenerator.cpp">
      <Filter>Исходные файлы</Filter>
    </ClCompile>
    <ClCompile Include="..\DelimState.cpp">
      <Filter>Исходные файлы</Filter>
    </ClCompile>
    <ClCompile Include="..\ErrState.cpp">
      <Filter>Исходные файлы</Filter>
    </ClCompile>
    <ClCompile Include="..\IdState.cpp">
      <Filter>Исходные файлы</Filter>
    </ClCompile>
    <ClCompile Include="..\IntState.cpp">
      <Filter>Исходные файлы</Filter>
    </ClCompile>
    <ClCompile Include="..\main.cpp">
      <Filter>Исходные файлы</Filter>
    </ClCompile>
    <ClCompile Include="..\MyParser.cpp">
      <Filter>Исходные файлы</Filter>
    </ClCompile>
    <ClCompile Include="..\OperatorState.cpp">
      <Filter>Исходные файлы</Filter>
    </ClCompile>
    <ClCompile Include="..\OperatorState2.cpp">
      <Filter>Исходные файлы</Filter>
    </ClCompile>
    <ClCompile Include="..\SemanticAnalyzer.cpp">
      <Filter>Исходные файлы</Filter>
    </ClCompile>
    <ClCompile Include="..\StartState.cpp">
      <Filter>Исходные файлы</Filter>
    </ClCompile>
    <ClCompile Include="..\Tokenizer.cpp">
      <Filter>Исходные файлы</Filter>
    </ClCompile>
  </ItemGroup>
  <ItemGroup>
    <ClInclude Include="..\CodeGenerator.h">
      <Filter>Файлы заголовков</Filter>
    </ClInclude>
    <ClInclude Include="..\DelimState.h">
      <Filter>Файлы заголовков</Filter>
    </ClInclude>
    <ClInclude Include="..\ErrState.h">
      <Filter>Файлы заголовков</Filter>
    </ClInclude>
    <ClInclude Include="..\IdState.h">
      <Filter>Файлы заголовков</Filter>
    </ClInclude>
    <ClInclude Include="..\IntState.h">
      <Filter>Файлы заголовков</Filter>
    </ClInclude>
    <ClInclude Include="..\OperatorState.h">
      <Filter>Файлы заголовков</Filter>
    </ClInclude>
    <ClInclude Include="..\OperatorState2.h">
      <Filter>Файлы заголовков</Filter>
    </ClInclude>
    <ClInclude Include="..\MyParser.h">
      <Filter>Файлы заголовков</Filter>
    </ClInclude>
    <ClInclude Include="..\SemanticAnalyzer.h">
      <Filter>Файлы заголовков</Filter>
    </ClInclude>
    <ClInclude Include="..\StartState.h">
      <Filter>Файлы заголовков</Filter>
    </ClInclude>
    <ClInclude Include="..\State.h">
      <Filter>Файлы заголовков</Filter>
    </ClInclude>
    <ClInclude Include="..\Tokenizer.h">
      <Filter>Файлы заголовков</Filter>
    </ClInclude>
  </ItemGroup>
  <ItemGroup>
    <Text Include="test_programs\test_err_lex_digit_then_letters.txt" />
    <Text Include="test_programs\test_err_lex_unknown_char.txt" />
    <Text Include="test_programs\test_err_semantic_duplicate_var.txt" />
    <Text Include="test_programs\test_err_semantic_undeclared.txt" />
    <Text Include="test_programs\test_err_syntax_no_semicolon.txt" />
    <Text Include="test_programs\test1_simple.txt" />
    <Text Include="test_programs\test2_assignment.txt" />
    <Text Include="test_programs\test3_arithmetic.txt" />
    <Text Include="test_programs\test4_while.txt" />
    <Text Include="test_programs\test5_while_block.txt" />
    <Text Include="test_programs\test6_read.txt" />
    <Text Include="test_programs\test7_complex_expr.txt" />
    <Text Include="test_programs\test8_comparison.txt" />
    <Text Include="test_programs\test9_multiple_vars.txt" />
    <Text Include="test_programs\test10_empty.txt" />
    <Text Include="test_programs\test11_nested_while.txt" />
    <Text Include="test_programs\test12_complex_arithmetic.txt" />
    <Text Include="test_programs\test13_multiple_reads.txt" />
    <Text Include="test_programs\test14_all_comparisons.txt" />
    <Text Include="test_programs\test15_long_identifiers.txt" />
    <Text Include="test_programs\test16_deep_expressions.txt" />
    <Text Include="test_programs\test17_while_with_read.txt" />
    <Text Include="test_programs\test18_no_vars.txt" />
    <Text Include="test_programs\test19_many_statements.txt" />
    <Text Include="test_programs\test20_mixed_operations.txt" />
  </ItemGroup>
</Project>